
Microsoft Visual Studio Solution File, Format Version 12.00
# Visual Studio Version 17
VisualStudioVersion = 17.8.34322.80
MinimumVisualStudioVersion = 10.0.40219.1
Project("{9A19103F-16F7-4668-BE54-9A1E7A4F7556}") = "UMBIT.ToDo.API", "src\UMBIT.ToDo.API\UMBIT.ToDo.API.csproj", "{A8820FE9-C88B-46EB-BF66-CFE8D3ADDB61}"
EndProject
Project("{2150E333-8FDC-42A3-9474-1A3956D46DE8}") = "1 - Interface", "1 - Interface", "{ACB94D19-E1C7-42A6-B8C7-DEBBE4C79941}"
EndProject
Project("{2150E333-8FDC-42A3-9474-1A3956D46DE8}") = "2 - Dominio", "2 - Dominio", "{96686855-9239-48BB-9578-1ACB7D071891}"
EndProject
Project("{2150E333-8FDC-42A3-9474-1A3956D46DE8}") = "3 - Infraestrutura", "3 - Infraestrutura", "{75F6E1A0-21B1-41A7-B8CB-B191F40C948A}"
EndProject
Project("{9A19103F-16F7-4668-BE54-9A1E7A4F7556}") = "UMBIT.ToDo.Dominio", "src\UMBIT.ToDo.Dominio\UMBIT.ToDo.Dominio.csproj", "{4325DA91-ED56-40E0-AB30-9BBFA4962E45}"
EndProject
Project("{9A19103F-16F7-4668-BE54-9A1E7A4F7556}") = "UMBIT.ToDo.Infraestrutura", "src\UMBIT.ToDo.Infraestrutura\UMBIT.ToDo.Infraestrutura.csproj", "{BF032C76-C0B5-4D18-9A5D-26650EE3D458}"
EndProject
Project("{2150E333-8FDC-42A3-9474-1A3956D46DE8}") = "app", "app", "{9BC7DF37-349E-4622-BF29-64FDDB790D28}"
EndProject
Project("{2150E333-8FDC-42A3-9474-1A3956D46DE8}") = "services", "services", "{73C8C505-D921-4079-A039-90CF4F18ACF3}"
EndProject
Project("{2150E333-8FDC-42A3-9474-1A3956D46DE8}") = "web", "web", "{C3847022-6A8B-487F-A809-2BC05AE1C306}"
EndProject
Project("{9A19103F-16F7-4668-BE54-9A1E7A4F7556}") = "UMBIT.ToDo.Web", "src\UMBIT.ToDo.Web\UMBIT.ToDo.Web\UMBIT.ToDo.Web.csproj", "{9386937F-CB18-434D-A9FC-6ABC623D9AB6}"
EndProject
Project("{2150E333-8FDC-42A3-9474-1A3956D46DE8}") = "Solution Items", "Solution Items", "{9B290060-C03F-49DD-B581-F9E624DC807D}"
	ProjectSection(SolutionItems) = preProject
		docker-compose.json = docker-compose.json
	EndProjectSection
EndProject
Project("{2150E333-8FDC-42A3-9474-1A3956D46DE8}") = "src", "src", "{55265E77-C2ED-4795-93D2-642688235E4A}"
EndProject
Project("{2150E333-8FDC-42A3-9474-1A3956D46DE8}") = "0 - Contrato", "0 - Contrato", "{77C70492-D271-4CC6-8952-047AEA018EA2}"
EndProject
Project("{9A19103F-16F7-4668-BE54-9A1E7A4F7556}") = "UMBIT.ToDo.Contrato", "src\UMBIT.ToDo.Contrato\UMBIT.ToDo.Contrato.csproj", "{3D84AD6D-134A-458B-B713-BDB2F55AF20C}"
EndProject
Project("{2150E333-8FDC-42A3-9474-1A3956D46DE8}") = "BuildingBlocks", "BuildingBlocks", "{C0BD82BB-973B-4528-AE4B-0C0D4D6FD8DA}"
EndProject
Project("{2150E333-8FDC-42A3-9474-1A3956D46DE8}") = "Core", "Core", "{7A5DFCFD-022C-4737-8BC1-5C24A84280EC}"
EndProject
Project("{2150E333-8FDC-42A3-9474-1A3956D46DE8}") = "WebAPI", "WebAPI", "{8638148D-FCED-4649-BBC2-487B05D0A7FF}"
EndProject
Project("{2150E333-8FDC-42A3-9474-1A3956D46DE8}") = "Fabrica", "Fabrica", "{481F2352-AE50-4E93-AC01-E2C7DB7E1688}"
EndProject
Project("{9A19103F-16F7-4668-BE54-9A1E7A4F7556}") = "UMBIT.ToDo.BuildingBlocks.Fabrica", "src\UMBIT.ToDo.Fabrica\UMBIT.ToDo.BuildingBlocks.Fabrica.csproj", "{338B3E0F-E91E-42E5-B568-2F84B6FB17E1}"
EndProject
Project("{2150E333-8FDC-42A3-9474-1A3956D46DE8}") = "ASPNet", "ASPNet", "{DCCFABF6-ED49-4AD4-AEED-300D5A96AC53}"
EndProject
Project("{2150E333-8FDC-42A3-9474-1A3956D46DE8}") = "ToDo", "ToDo", "{492AC097-0B12-4AC8-AC05-3CEE1D02FD59}"
EndProject
Project("{2150E333-8FDC-42A3-9474-1A3956D46DE8}") = "SignalR", "SignalR", "{0D3C4C42-BA3A-4BAA-AC90-0E8AE81F0DA6}"
EndProject
Project("{9A19103F-16F7-4668-BE54-9A1E7A4F7556}") = "UMBIT.ToDo.BuildingBlocks.SignalR", "src\UMBIT.ToDo.BuildingBlocks.SignalR\UMBIT.ToDo.BuildingBlocks.SignalR.csproj", "{F1756A03-D2C0-4652-8D57-623F57A0AE8F}"
EndProject
Project("{2150E333-8FDC-42A3-9474-1A3956D46DE8}") = "Basicos", "Basicos", "{AEA8EE32-7CFC-47AF-A47A-DE1D2D50149D}"
EndProject
Project("{9A19103F-16F7-4668-BE54-9A1E7A4F7556}") = "UMBIT.ToDo.BuildingBlocks.Basicos", "src\UMBIT.ToDo.BuildingBlocks.Basicos\UMBIT.ToDo.BuildingBlocks.Basicos.csproj", "{9CEE9BDE-C687-4384-89E2-9666E4FA9C52}"
EndProject
Project("{2150E333-8FDC-42A3-9474-1A3956D46DE8}") = "Message", "Message", "{4977F793-7212-4DA4-8426-6ED90550408A}"
EndProject
Project("{9A19103F-16F7-4668-BE54-9A1E7A4F7556}") = "UMBIT.ToDo.BuildingBlocks.Message", "src\UMBIT.ToDo.BuildingBlocks.Message\UMBIT.ToDo.BuildingBlocks.Message.csproj", "{AAFC1FA7-BD32-4573-87BD-9DBCDC30B27B}"
EndProject
Project("{2150E333-8FDC-42A3-9474-1A3956D46DE8}") = "Repositorio", "Repositorio", "{026254D2-F39B-4948-B50A-41745A600DFB}"
EndProject
Project("{9A19103F-16F7-4668-BE54-9A1E7A4F7556}") = "UMBIT.ToDo.BuildingBlocks.Repositorio", "src\UMBIT.ToDo.BuildingBlocks.Repositorio\UMBIT.ToDo.BuildingBlocks.Repositorio.csproj", "{43A048FD-C66E-44D4-A2F5-04D72CE6B121}"
EndProject
Project("{9A19103F-16F7-4668-BE54-9A1E7A4F7556}") = "UMBIT.ToDo.BuildingBlocks.Core", "src\UMBIT.ToDo.BuildingBlocks.Core\UMBIT.ToDo.BuildingBlocks.Core.csproj", "{6B644955-26BC-4482-8213-A2AECF539659}"
EndProject
Project("{9A19103F-16F7-4668-BE54-9A1E7A4F7556}") = "UMBIT.ToDo.BuildingBlocks.WebAPI", "src\UMBIT.ToDo.BuildingBlocks.WebApi\UMBIT.ToDo.BuildingBlocks.WebAPI.csproj", "{267DD132-7A50-4B6B-A443-EF9DFAA6E924}"
EndProject
Project("{9A19103F-16F7-4668-BE54-9A1E7A4F7556}") = "UMBIT.ToDo.BuildingBlocksc.ASPNet", "src\UMBIT.ToDo.BuildingBlocks.ASPNet\UMBIT.ToDo.BuildingBlocksc.ASPNet.csproj", "{2140CE4B-FC59-4B5E-9066-95A0DB7373DE}"
EndProject
Global
	GlobalSection(SolutionConfigurationPlatforms) = preSolution
		Debug|Any CPU = Debug|Any CPU
		Release|Any CPU = Release|Any CPU
	EndGlobalSection
	GlobalSection(ProjectConfigurationPlatforms) = postSolution
		{A8820FE9-C88B-46EB-BF66-CFE8D3ADDB61}.Debug|Any CPU.ActiveCfg = Debug|Any CPU
		{A8820FE9-C88B-46EB-BF66-CFE8D3ADDB61}.Debug|Any CPU.Build.0 = Debug|Any CPU
		{A8820FE9-C88B-46EB-BF66-CFE8D3ADDB61}.Release|Any CPU.ActiveCfg = Release|Any CPU
		{A8820FE9-C88B-46EB-BF66-CFE8D3ADDB61}.Release|Any CPU.Build.0 = Release|Any CPU
		{4325DA91-ED56-40E0-AB30-9BBFA4962E45}.Debug|Any CPU.ActiveCfg = Debug|Any CPU
		{4325DA91-ED56-40E0-AB30-9BBFA4962E45}.Debug|Any CPU.Build.0 = Debug|Any CPU
		{4325DA91-ED56-40E0-AB30-9BBFA4962E45}.Release|Any CPU.ActiveCfg = Release|Any CPU
		{4325DA91-ED56-40E0-AB30-9BBFA4962E45}.Release|Any CPU.Build.0 = Release|Any CPU
		{BF032C76-C0B5-4D18-9A5D-26650EE3D458}.Debug|Any CPU.ActiveCfg = Debug|Any CPU
		{BF032C76-C0B5-4D18-9A5D-26650EE3D458}.Debug|Any CPU.Build.0 = Debug|Any CPU
		{BF032C76-C0B5-4D18-9A5D-26650EE3D458}.Release|Any CPU.ActiveCfg = Release|Any CPU
		{BF032C76-C0B5-4D18-9A5D-26650EE3D458}.Release|Any CPU.Build.0 = Release|Any CPU
		{9386937F-CB18-434D-A9FC-6ABC623D9AB6}.Debug|Any CPU.ActiveCfg = Debug|Any CPU
		{9386937F-CB18-434D-A9FC-6ABC623D9AB6}.Debug|Any CPU.Build.0 = Debug|Any CPU
		{9386937F-CB18-434D-A9FC-6ABC623D9AB6}.Release|Any CPU.ActiveCfg = Release|Any CPU
		{9386937F-CB18-434D-A9FC-6ABC623D9AB6}.Release|Any CPU.Build.0 = Release|Any CPU
		{3D84AD6D-134A-458B-B713-BDB2F55AF20C}.Debug|Any CPU.ActiveCfg = Debug|Any CPU
		{3D84AD6D-134A-458B-B713-BDB2F55AF20C}.Debug|Any CPU.Build.0 = Debug|Any CPU
		{3D84AD6D-134A-458B-B713-BDB2F55AF20C}.Release|Any CPU.ActiveCfg = Release|Any CPU
		{3D84AD6D-134A-458B-B713-BDB2F55AF20C}.Release|Any CPU.Build.0 = Release|Any CPU
		{338B3E0F-E91E-42E5-B568-2F84B6FB17E1}.Debug|Any CPU.ActiveCfg = Debug|Any CPU
		{338B3E0F-E91E-42E5-B568-2F84B6FB17E1}.Debug|Any CPU.Build.0 = Debug|Any CPU
		{338B3E0F-E91E-42E5-B568-2F84B6FB17E1}.Release|Any CPU.ActiveCfg = Release|Any CPU
		{338B3E0F-E91E-42E5-B568-2F84B6FB17E1}.Release|Any CPU.Build.0 = Release|Any CPU
		{F1756A03-D2C0-4652-8D57-623F57A0AE8F}.Debug|Any CPU.ActiveCfg = Debug|Any CPU
		{F1756A03-D2C0-4652-8D57-623F57A0AE8F}.Debug|Any CPU.Build.0 = Debug|Any CPU
		{F1756A03-D2C0-4652-8D57-623F57A0AE8F}.Release|Any CPU.ActiveCfg = Release|Any CPU
		{F1756A03-D2C0-4652-8D57-623F57A0AE8F}.Release|Any CPU.Build.0 = Release|Any CPU
		{9CEE9BDE-C687-4384-89E2-9666E4FA9C52}.Debug|Any CPU.ActiveCfg = Debug|Any CPU
		{9CEE9BDE-C687-4384-89E2-9666E4FA9C52}.Debug|Any CPU.Build.0 = Debug|Any CPU
		{9CEE9BDE-C687-4384-89E2-9666E4FA9C52}.Release|Any CPU.ActiveCfg = Release|Any CPU
		{9CEE9BDE-C687-4384-89E2-9666E4FA9C52}.Release|Any CPU.Build.0 = Release|Any CPU
		{AAFC1FA7-BD32-4573-87BD-9DBCDC30B27B}.Debug|Any CPU.ActiveCfg = Debug|Any CPU
		{AAFC1FA7-BD32-4573-87BD-9DBCDC30B27B}.Debug|Any CPU.Build.0 = Debug|Any CPU
		{AAFC1FA7-BD32-4573-87BD-9DBCDC30B27B}.Release|Any CPU.ActiveCfg = Release|Any CPU
		{AAFC1FA7-BD32-4573-87BD-9DBCDC30B27B}.Release|Any CPU.Build.0 = Release|Any CPU
		{43A048FD-C66E-44D4-A2F5-04D72CE6B121}.Debug|Any CPU.ActiveCfg = Debug|Any CPU
		{43A048FD-C66E-44D4-A2F5-04D72CE6B121}.Debug|Any CPU.Build.0 = Debug|Any CPU
		{43A048FD-C66E-44D4-A2F5-04D72CE6B121}.Release|Any CPU.ActiveCfg = Release|Any CPU
		{43A048FD-C66E-44D4-A2F5-04D72CE6B121}.Release|Any CPU.Build.0 = Release|Any CPU
		{6B644955-26BC-4482-8213-A2AECF539659}.Debug|Any CPU.ActiveCfg = Debug|Any CPU
		{6B644955-26BC-4482-8213-A2AECF539659}.Debug|Any CPU.Build.0 = Debug|Any CPU
		{6B644955-26BC-4482-8213-A2AECF539659}.Release|Any CPU.ActiveCfg = Release|Any CPU
		{6B644955-26BC-4482-8213-A2AECF539659}.Release|Any CPU.Build.0 = Release|Any CPU
		{267DD132-7A50-4B6B-A443-EF9DFAA6E924}.Debug|Any CPU.ActiveCfg = Debug|Any CPU
		{267DD132-7A50-4B6B-A443-EF9DFAA6E924}.Debug|Any CPU.Build.0 = Debug|Any CPU
		{267DD132-7A50-4B6B-A443-EF9DFAA6E924}.Release|Any CPU.ActiveCfg = Release|Any CPU
		{267DD132-7A50-4B6B-A443-EF9DFAA6E924}.Release|Any CPU.Build.0 = Release|Any CPU
		{2140CE4B-FC59-4B5E-9066-95A0DB7373DE}.Debug|Any CPU.ActiveCfg = Debug|Any CPU
		{2140CE4B-FC59-4B5E-9066-95A0DB7373DE}.Debug|Any CPU.Build.0 = Debug|Any CPU
		{2140CE4B-FC59-4B5E-9066-95A0DB7373DE}.Release|Any CPU.ActiveCfg = Release|Any CPU
		{2140CE4B-FC59-4B5E-9066-95A0DB7373DE}.Release|Any CPU.Build.0 = Release|Any CPU
	EndGlobalSection
	GlobalSection(SolutionProperties) = preSolution
		HideSolutionNode = FALSE
	EndGlobalSection
	GlobalSection(NestedProjects) = preSolution
		{A8820FE9-C88B-46EB-BF66-CFE8D3ADDB61} = {ACB94D19-E1C7-42A6-B8C7-DEBBE4C79941}
		{ACB94D19-E1C7-42A6-B8C7-DEBBE4C79941} = {492AC097-0B12-4AC8-AC05-3CEE1D02FD59}
		{96686855-9239-48BB-9578-1ACB7D071891} = {492AC097-0B12-4AC8-AC05-3CEE1D02FD59}
		{75F6E1A0-21B1-41A7-B8CB-B191F40C948A} = {492AC097-0B12-4AC8-AC05-3CEE1D02FD59}
		{4325DA91-ED56-40E0-AB30-9BBFA4962E45} = {96686855-9239-48BB-9578-1ACB7D071891}
		{BF032C76-C0B5-4D18-9A5D-26650EE3D458} = {75F6E1A0-21B1-41A7-B8CB-B191F40C948A}
		{9BC7DF37-349E-4622-BF29-64FDDB790D28} = {55265E77-C2ED-4795-93D2-642688235E4A}
		{73C8C505-D921-4079-A039-90CF4F18ACF3} = {9BC7DF37-349E-4622-BF29-64FDDB790D28}
		{C3847022-6A8B-487F-A809-2BC05AE1C306} = {9BC7DF37-349E-4622-BF29-64FDDB790D28}
		{9386937F-CB18-434D-A9FC-6ABC623D9AB6} = {C3847022-6A8B-487F-A809-2BC05AE1C306}
		{77C70492-D271-4CC6-8952-047AEA018EA2} = {492AC097-0B12-4AC8-AC05-3CEE1D02FD59}
		{3D84AD6D-134A-458B-B713-BDB2F55AF20C} = {77C70492-D271-4CC6-8952-047AEA018EA2}
		{C0BD82BB-973B-4528-AE4B-0C0D4D6FD8DA} = {55265E77-C2ED-4795-93D2-642688235E4A}
		{7A5DFCFD-022C-4737-8BC1-5C24A84280EC} = {C0BD82BB-973B-4528-AE4B-0C0D4D6FD8DA}
		{8638148D-FCED-4649-BBC2-487B05D0A7FF} = {C0BD82BB-973B-4528-AE4B-0C0D4D6FD8DA}
		{481F2352-AE50-4E93-AC01-E2C7DB7E1688} = {C0BD82BB-973B-4528-AE4B-0C0D4D6FD8DA}
		{338B3E0F-E91E-42E5-B568-2F84B6FB17E1} = {481F2352-AE50-4E93-AC01-E2C7DB7E1688}
		{DCCFABF6-ED49-4AD4-AEED-300D5A96AC53} = {C0BD82BB-973B-4528-AE4B-0C0D4D6FD8DA}
		{492AC097-0B12-4AC8-AC05-3CEE1D02FD59} = {73C8C505-D921-4079-A039-90CF4F18ACF3}
		{0D3C4C42-BA3A-4BAA-AC90-0E8AE81F0DA6} = {C0BD82BB-973B-4528-AE4B-0C0D4D6FD8DA}
		{F1756A03-D2C0-4652-8D57-623F57A0AE8F} = {0D3C4C42-BA3A-4BAA-AC90-0E8AE81F0DA6}
		{AEA8EE32-7CFC-47AF-A47A-DE1D2D50149D} = {C0BD82BB-973B-4528-AE4B-0C0D4D6FD8DA}
		{9CEE9BDE-C687-4384-89E2-9666E4FA9C52} = {AEA8EE32-7CFC-47AF-A47A-DE1D2D50149D}
		{4977F793-7212-4DA4-8426-6ED90550408A} = {C0BD82BB-973B-4528-AE4B-0C0D4D6FD8DA}
		{AAFC1FA7-BD32-4573-87BD-9DBCDC30B27B} = {4977F793-7212-4DA4-8426-6ED90550408A}
		{026254D2-F39B-4948-B50A-41745A600DFB} = {C0BD82BB-973B-4528-AE4B-0C0D4D6FD8DA}
		{43A048FD-C66E-44D4-A2F5-04D72CE6B121} = {026254D2-F39B-4948-B50A-41745A600DFB}
		{6B644955-26BC-4482-8213-A2AECF539659} = {7A5DFCFD-022C-4737-8BC1-5C24A84280EC}
		{267DD132-7A50-4B6B-A443-EF9DFAA6E924} = {8638148D-FCED-4649-BBC2-487B05D0A7FF}
		{2140CE4B-FC59-4B5E-9066-95A0DB7373DE} = {DCCFABF6-ED49-4AD4-AEED-300D5A96AC53}
	EndGlobalSection
	GlobalSection(ExtensibilityGlobals) = postSolution
		SolutionGuid = {6194122F-F17A-4D25-A31C-0646F99F26BB}
	EndGlobalSection
EndGlobal
