
Microsoft Visual Studio Solution File, Format Version 12.00
# Visual Studio Version 17
VisualStudioVersion = 17.10.35013.160
MinimumVisualStudioVersion = 10.0.40219.1
Project("{9A19103F-16F7-4668-BE54-9A1E7A4F7556}") = "Domain", "src\Domain\Domain.csproj", "{93336079-7FA8-4F5E-BB67-F9A54458317D}"
EndProject
Project("{9A19103F-16F7-4668-BE54-9A1E7A4F7556}") = "Infrastructure", "src\Infrastructure\Infrastructure.csproj", "{12FE0E3D-D463-4646-BDA6-BB8D5D3443D0}"
EndProject
Project("{2150E333-8FDC-42A3-9474-1A3956D46DE8}") = "src", "src\src", "{755A0B56-3D85-4374-AEA2-50CF9C1D5226}"
EndProject
Project("{9A19103F-16F7-4668-BE54-9A1E7A4F7556}") = "Service", "src\Service\Service.csproj", "{81E98B00-FC02-4AE8-97E1-9330C4773019}"
EndProject
Project("{9A19103F-16F7-4668-BE54-9A1E7A4F7556}") = "WebApi", "src\WebApi\WebApi.csproj", "{5996B9EC-435E-4AA7-A7AF-A34D5CCBDD51}"
EndProject
Project("{2150E333-8FDC-42A3-9474-1A3956D46DE8}") = "tests", "tests", "{DB234A25-238F-4555-9E3B-1628EBA6DC73}"
EndProject
Project("{9A19103F-16F7-4668-BE54-9A1E7A4F7556}") = "Application", "src\Application\Application.csproj", "{F04E49E8-17A7-4AB7-A21C-A5AFB6254A16}"
EndProject
Project("{2150E333-8FDC-42A3-9474-1A3956D46DE8}") = "unit", "tests\unit", "{5C650DBF-9BF1-4452-A899-FE1358FDF9C9}"
EndProject
Project("{2150E333-8FDC-42A3-9474-1A3956D46DE8}") = "integration", "tests\integration", "{6A5B6690-A642-45C2-895F-526DD4D58169}"
EndProject
Project("{FAE04EC0-301F-11D3-BF4B-00C04F79EFBC}") = "ServiceTests", "tests\unit\ServiceTests\ServiceTests.csproj", "{C896BB81-BD14-4B6A-A036-1ABF078768C3}"
EndProject
Project("{FAE04EC0-301F-11D3-BF4B-00C04F79EFBC}") = "IntegrationTests", "tests\integration\IntegrationTests\IntegrationTests.csproj", "{1AF58E91-90E8-4020-9E12-92A81138DCB5}"
EndProject
Global
	GlobalSection(SolutionConfigurationPlatforms) = preSolution
		Debug|Any CPU = Debug|Any CPU
		Release|Any CPU = Release|Any CPU
	EndGlobalSection
	GlobalSection(ProjectConfigurationPlatforms) = postSolution
		{93336079-7FA8-4F5E-BB67-F9A54458317D}.Debug|Any CPU.ActiveCfg = Debug|Any CPU
		{93336079-7FA8-4F5E-BB67-F9A54458317D}.Debug|Any CPU.Build.0 = Debug|Any CPU
		{93336079-7FA8-4F5E-BB67-F9A54458317D}.Release|Any CPU.ActiveCfg = Release|Any CPU
		{93336079-7FA8-4F5E-BB67-F9A54458317D}.Release|Any CPU.Build.0 = Release|Any CPU
		{12FE0E3D-D463-4646-BDA6-BB8D5D3443D0}.Debug|Any CPU.ActiveCfg = Debug|Any CPU
		{12FE0E3D-D463-4646-BDA6-BB8D5D3443D0}.Debug|Any CPU.Build.0 = Debug|Any CPU
		{12FE0E3D-D463-4646-BDA6-BB8D5D3443D0}.Release|Any CPU.ActiveCfg = Release|Any CPU
		{12FE0E3D-D463-4646-BDA6-BB8D5D3443D0}.Release|Any CPU.Build.0 = Release|Any CPU
		{81E98B00-FC02-4AE8-97E1-9330C4773019}.Debug|Any CPU.ActiveCfg = Debug|Any CPU
		{81E98B00-FC02-4AE8-97E1-9330C4773019}.Debug|Any CPU.Build.0 = Debug|Any CPU
		{81E98B00-FC02-4AE8-97E1-9330C4773019}.Release|Any CPU.ActiveCfg = Release|Any CPU
		{81E98B00-FC02-4AE8-97E1-9330C4773019}.Release|Any CPU.Build.0 = Release|Any CPU
		{5996B9EC-435E-4AA7-A7AF-A34D5CCBDD51}.Debug|Any CPU.ActiveCfg = Debug|Any CPU
		{5996B9EC-435E-4AA7-A7AF-A34D5CCBDD51}.Debug|Any CPU.Build.0 = Debug|Any CPU
		{5996B9EC-435E-4AA7-A7AF-A34D5CCBDD51}.Release|Any CPU.ActiveCfg = Release|Any CPU
		{5996B9EC-435E-4AA7-A7AF-A34D5CCBDD51}.Release|Any CPU.Build.0 = Release|Any CPU
		{F04E49E8-17A7-4AB7-A21C-A5AFB6254A16}.Debug|Any CPU.ActiveCfg = Debug|Any CPU
		{F04E49E8-17A7-4AB7-A21C-A5AFB6254A16}.Debug|Any CPU.Build.0 = Debug|Any CPU
		{F04E49E8-17A7-4AB7-A21C-A5AFB6254A16}.Release|Any CPU.ActiveCfg = Release|Any CPU
		{F04E49E8-17A7-4AB7-A21C-A5AFB6254A16}.Release|Any CPU.Build.0 = Release|Any CPU
		{C896BB81-BD14-4B6A-A036-1ABF078768C3}.Debug|Any CPU.ActiveCfg = Debug|Any CPU
		{C896BB81-BD14-4B6A-A036-1ABF078768C3}.Debug|Any CPU.Build.0 = Debug|Any CPU
		{C896BB81-BD14-4B6A-A036-1ABF078768C3}.Release|Any CPU.ActiveCfg = Release|Any CPU
		{C896BB81-BD14-4B6A-A036-1ABF078768C3}.Release|Any CPU.Build.0 = Release|Any CPU
		{1AF58E91-90E8-4020-9E12-92A81138DCB5}.Debug|Any CPU.ActiveCfg = Debug|Any CPU
		{1AF58E91-90E8-4020-9E12-92A81138DCB5}.Debug|Any CPU.Build.0 = Debug|Any CPU
		{1AF58E91-90E8-4020-9E12-92A81138DCB5}.Release|Any CPU.ActiveCfg = Release|Any CPU
		{1AF58E91-90E8-4020-9E12-92A81138DCB5}.Release|Any CPU.Build.0 = Release|Any CPU
	EndGlobalSection
	GlobalSection(SolutionProperties) = preSolution
		HideSolutionNode = FALSE
	EndGlobalSection
	GlobalSection(NestedProjects) = preSolution
		{93336079-7FA8-4F5E-BB67-F9A54458317D} = {755A0B56-3D85-4374-AEA2-50CF9C1D5226}
		{12FE0E3D-D463-4646-BDA6-BB8D5D3443D0} = {755A0B56-3D85-4374-AEA2-50CF9C1D5226}
		{81E98B00-FC02-4AE8-97E1-9330C4773019} = {755A0B56-3D85-4374-AEA2-50CF9C1D5226}
		{5996B9EC-435E-4AA7-A7AF-A34D5CCBDD51} = {755A0B56-3D85-4374-AEA2-50CF9C1D5226}
		{F04E49E8-17A7-4AB7-A21C-A5AFB6254A16} = {755A0B56-3D85-4374-AEA2-50CF9C1D5226}
		{5C650DBF-9BF1-4452-A899-FE1358FDF9C9} = {DB234A25-238F-4555-9E3B-1628EBA6DC73}
		{6A5B6690-A642-45C2-895F-526DD4D58169} = {DB234A25-238F-4555-9E3B-1628EBA6DC73}
		{C896BB81-BD14-4B6A-A036-1ABF078768C3} = {5C650DBF-9BF1-4452-A899-FE1358FDF9C9}
		{1AF58E91-90E8-4020-9E12-92A81138DCB5} = {6A5B6690-A642-45C2-895F-526DD4D58169}
	EndGlobalSection
	GlobalSection(ExtensibilityGlobals) = postSolution
		SolutionGuid = {5DCB7B40-A216-4936-AFAB-51120CE0B023}
	EndGlobalSection
EndGlobal
